
Microsoft Visual Studio Solution File, Format Version 12.00
# Visual Studio Version 17
VisualStudioVersion = 17.8.34309.116
MinimumVisualStudioVersion = 10.0.40219.1
Project("{2150E333-8FDC-42A3-9474-1A3956D46DE8}") = "0 - Presentation", "0 - Presentation", "{12BCB791-282E-4DDF-BF23-CC1ECA59DEDC}"
EndProject
Project("{2150E333-8FDC-42A3-9474-1A3956D46DE8}") = "1 - Infrastructure", "1 - Infrastructure", "{1C1C309B-40BD-42BB-9156-1F2A501D9E46}"
EndProject
Project("{2150E333-8FDC-42A3-9474-1A3956D46DE8}") = "2 - Domain", "2 - Domain", "{FD2EA858-A377-42A6-85DE-72EED53FD986}"
EndProject
Project("{2150E333-8FDC-42A3-9474-1A3956D46DE8}") = "3 - Test", "3 - Test", "{2A53E28F-CBD2-4C4F-8158-871066CE0550}"
EndProject
Project("{9A19103F-16F7-4668-BE54-9A1E7A4F7556}") = "HMS.Domain", "HMS.Domain\HMS.Domain.csproj", "{50AED018-45E5-4DD4-8533-50358DB2A0B4}"
EndProject
Project("{2150E333-8FDC-42A3-9474-1A3956D46DE8}") = "1.1 - Services", "1.1 - Services", "{A31DE624-C978-4F9D-ACFB-AEEA1C5AB7F9}"
EndProject
Project("{2150E333-8FDC-42A3-9474-1A3956D46DE8}") = "1.2 - Gateways", "1.2 - Gateways", "{2B52053A-DD74-4ABF-9D35-FE23E99A4626}"
EndProject
Project("{2150E333-8FDC-42A3-9474-1A3956D46DE8}") = "1.3 Data", "1.3 Data", "{6C121A46-BEF5-4ACB-9B16-E6B60D9975FB}"
EndProject
Project("{2150E333-8FDC-42A3-9474-1A3956D46DE8}") = "1.4 - Ioc", "1.4 - Ioc", "{63919FF5-2008-49A1-8633-A32777329AEA}"
EndProject
Project("{2150E333-8FDC-42A3-9474-1A3956D46DE8}") = "1.5 - Mapper", "1.5 - Mapper", "{010991EC-F222-478C-9411-E7D29800F438}"
EndProject
Project("{9A19103F-16F7-4668-BE54-9A1E7A4F7556}") = "HMS.Infra.Services", "HMS.Infra.Services\HMS.Infra.Services.csproj", "{EEF47F76-15D7-47A0-8EBB-8AC537852CD2}"
EndProject
Project("{9A19103F-16F7-4668-BE54-9A1E7A4F7556}") = "HMS.Infra.Gateways", "HMS.Infra.Gateways\HMS.Infra.Gateways.csproj", "{B42D139C-C273-44E1-9214-75BF4B01204F}"
EndProject
Project("{9A19103F-16F7-4668-BE54-9A1E7A4F7556}") = "HMS.Infra.Data", "HMS.Infra.Data\HMS.Infra.Data.csproj", "{40AC08F1-E40C-4357-A1F0-3F4C379140A0}"
EndProject
Project("{9A19103F-16F7-4668-BE54-9A1E7A4F7556}") = "HMS.Infra.Ioc", "HMS.Infra.Ioc\HMS.Infra.Ioc.csproj", "{66658196-14B3-47DD-BBE4-0159622CF6D8}"
EndProject
Project("{9A19103F-16F7-4668-BE54-9A1E7A4F7556}") = "HMS.Infra.Mapper", "HMS.Infra.Mapper\HMS.Infra.Mapper.csproj", "{0E30E88F-6611-4645-8604-DDF452DA2201}"
EndProject
Project("{9A19103F-16F7-4668-BE54-9A1E7A4F7556}") = "HMS.API", "HMS.API\HMS.API.csproj", "{B28D8F01-8480-4AC6-91CA-059E385B8E1E}"
EndProject
Global
	GlobalSection(SolutionConfigurationPlatforms) = preSolution
		Debug|Any CPU = Debug|Any CPU
		Release|Any CPU = Release|Any CPU
	EndGlobalSection
	GlobalSection(ProjectConfigurationPlatforms) = postSolution
		{50AED018-45E5-4DD4-8533-50358DB2A0B4}.Debug|Any CPU.ActiveCfg = Debug|Any CPU
		{50AED018-45E5-4DD4-8533-50358DB2A0B4}.Debug|Any CPU.Build.0 = Debug|Any CPU
		{50AED018-45E5-4DD4-8533-50358DB2A0B4}.Release|Any CPU.ActiveCfg = Release|Any CPU
		{50AED018-45E5-4DD4-8533-50358DB2A0B4}.Release|Any CPU.Build.0 = Release|Any CPU
		{EEF47F76-15D7-47A0-8EBB-8AC537852CD2}.Debug|Any CPU.ActiveCfg = Debug|Any CPU
		{EEF47F76-15D7-47A0-8EBB-8AC537852CD2}.Debug|Any CPU.Build.0 = Debug|Any CPU
		{EEF47F76-15D7-47A0-8EBB-8AC537852CD2}.Release|Any CPU.ActiveCfg = Release|Any CPU
		{EEF47F76-15D7-47A0-8EBB-8AC537852CD2}.Release|Any CPU.Build.0 = Release|Any CPU
		{B42D139C-C273-44E1-9214-75BF4B01204F}.Debug|Any CPU.ActiveCfg = Debug|Any CPU
		{B42D139C-C273-44E1-9214-75BF4B01204F}.Debug|Any CPU.Build.0 = Debug|Any CPU
		{B42D139C-C273-44E1-9214-75BF4B01204F}.Release|Any CPU.ActiveCfg = Release|Any CPU
		{B42D139C-C273-44E1-9214-75BF4B01204F}.Release|Any CPU.Build.0 = Release|Any CPU
		{40AC08F1-E40C-4357-A1F0-3F4C379140A0}.Debug|Any CPU.ActiveCfg = Debug|Any CPU
		{40AC08F1-E40C-4357-A1F0-3F4C379140A0}.Debug|Any CPU.Build.0 = Debug|Any CPU
		{40AC08F1-E40C-4357-A1F0-3F4C379140A0}.Release|Any CPU.ActiveCfg = Release|Any CPU
		{40AC08F1-E40C-4357-A1F0-3F4C379140A0}.Release|Any CPU.Build.0 = Release|Any CPU
		{66658196-14B3-47DD-BBE4-0159622CF6D8}.Debug|Any CPU.ActiveCfg = Debug|Any CPU
		{66658196-14B3-47DD-BBE4-0159622CF6D8}.Debug|Any CPU.Build.0 = Debug|Any CPU
		{66658196-14B3-47DD-BBE4-0159622CF6D8}.Release|Any CPU.ActiveCfg = Release|Any CPU
		{66658196-14B3-47DD-BBE4-0159622CF6D8}.Release|Any CPU.Build.0 = Release|Any CPU
		{0E30E88F-6611-4645-8604-DDF452DA2201}.Debug|Any CPU.ActiveCfg = Debug|Any CPU
		{0E30E88F-6611-4645-8604-DDF452DA2201}.Debug|Any CPU.Build.0 = Debug|Any CPU
		{0E30E88F-6611-4645-8604-DDF452DA2201}.Release|Any CPU.ActiveCfg = Release|Any CPU
		{0E30E88F-6611-4645-8604-DDF452DA2201}.Release|Any CPU.Build.0 = Release|Any CPU
		{B28D8F01-8480-4AC6-91CA-059E385B8E1E}.Debug|Any CPU.ActiveCfg = Debug|Any CPU
		{B28D8F01-8480-4AC6-91CA-059E385B8E1E}.Debug|Any CPU.Build.0 = Debug|Any CPU
		{B28D8F01-8480-4AC6-91CA-059E385B8E1E}.Release|Any CPU.ActiveCfg = Release|Any CPU
		{B28D8F01-8480-4AC6-91CA-059E385B8E1E}.Release|Any CPU.Build.0 = Release|Any CPU
	EndGlobalSection
	GlobalSection(SolutionProperties) = preSolution
		HideSolutionNode = FALSE
	EndGlobalSection
	GlobalSection(NestedProjects) = preSolution
		{50AED018-45E5-4DD4-8533-50358DB2A0B4} = {FD2EA858-A377-42A6-85DE-72EED53FD986}
		{A31DE624-C978-4F9D-ACFB-AEEA1C5AB7F9} = {1C1C309B-40BD-42BB-9156-1F2A501D9E46}
		{2B52053A-DD74-4ABF-9D35-FE23E99A4626} = {1C1C309B-40BD-42BB-9156-1F2A501D9E46}
		{6C121A46-BEF5-4ACB-9B16-E6B60D9975FB} = {1C1C309B-40BD-42BB-9156-1F2A501D9E46}
		{63919FF5-2008-49A1-8633-A32777329AEA} = {1C1C309B-40BD-42BB-9156-1F2A501D9E46}
		{010991EC-F222-478C-9411-E7D29800F438} = {1C1C309B-40BD-42BB-9156-1F2A501D9E46}
		{EEF47F76-15D7-47A0-8EBB-8AC537852CD2} = {A31DE624-C978-4F9D-ACFB-AEEA1C5AB7F9}
		{B42D139C-C273-44E1-9214-75BF4B01204F} = {2B52053A-DD74-4ABF-9D35-FE23E99A4626}
		{40AC08F1-E40C-4357-A1F0-3F4C379140A0} = {6C121A46-BEF5-4ACB-9B16-E6B60D9975FB}
		{66658196-14B3-47DD-BBE4-0159622CF6D8} = {63919FF5-2008-49A1-8633-A32777329AEA}
		{0E30E88F-6611-4645-8604-DDF452DA2201} = {010991EC-F222-478C-9411-E7D29800F438}
		{B28D8F01-8480-4AC6-91CA-059E385B8E1E} = {12BCB791-282E-4DDF-BF23-CC1ECA59DEDC}
	EndGlobalSection
	GlobalSection(ExtensibilityGlobals) = postSolution
		SolutionGuid = {DF377B3E-1BC4-4402-9A73-6B3C3E085459}
	EndGlobalSection
EndGlobal
